
Microsoft Visual Studio Solution File, Format Version 12.00
# Visual Studio Version 17
VisualStudioVersion = 17.6.33815.320
MinimumVisualStudioVersion = 10.0.40219.1
Project("{FAE04EC0-301F-11D3-BF4B-00C04F79EFBC}") = "RetroCloudSaving", "RetroCloudSaving.csproj", "{DA461F46-FD69-482B-A14B-E5D610E6251C}"
EndProject
Global
	GlobalSection(SolutionConfigurationPlatforms) = preSolution
		Debug|Any CPU = Debug|Any CPU
		Release|Any CPU = Release|Any CPU
	EndGlobalSection
	GlobalSection(ProjectConfigurationPlatforms) = postSolution
		{DA461F46-FD69-482B-A14B-E5D610E6251C}.Debug|Any CPU.ActiveCfg = Debug|Any CPU
		{DA461F46-FD69-482B-A14B-E5D610E6251C}.Debug|Any CPU.Build.0 = Debug|Any CPU
		{DA461F46-FD69-482B-A14B-E5D610E6251C}.Release|Any CPU.ActiveCfg = Release|Any CPU
		{DA461F46-FD69-482B-A14B-E5D610E6251C}.Release|Any CPU.Build.0 = Release|Any CPU
	EndGlobalSection
	GlobalSection(SolutionProperties) = preSolution
		HideSolutionNode = FALSE
	EndGlobalSection
	GlobalSection(ExtensibilityGlobals) = postSolution
		SolutionGuid = {D28670B2-8A50-4A55-97BE-6A9CD063365A}
	EndGlobalSection
EndGlobal
